// !$*UTF8*$!
{
	archiveVersion = 1;
	classes = {
	};
	objectVersion = 56;
	objects = {

/* Begin PBXBuildFile section */
		F8B5E0F12B9F854C00B8D15C /* ClientBridgeApp.swift in Sources */ = {isa = PBXBuildFile; fileRef = F8B5E0F02B9F854C00B8D15C /* ClientBridgeApp.swift */; };
		F8B5E0F32B9F854C00B8D15C /* ContentView.swift in Sources */ = {isa = PBXBuildFile; fileRef = F8B5E0F22B9F854C00B8D15C /* ContentView.swift */; };
		F8B5E0F52B9F854E00B8D15C /* Assets.xcassets in Resources */ = {isa = PBXBuildFile; fileRef = F8B5E0F42B9F854E00B8D15C /* Assets.xcassets */; };
		F8B5E0F82B9F854E00B8D15C /* Preview Assets.xcassets in Resources */ = {isa = PBXBuildFile; fileRef = F8B5E0F72B9F854E00B8D15C /* Preview Assets.xcassets */; };
		F8B5E1022B9F854F00B8D15C /* ClientBridgeTests.swift in Sources */ = {isa = PBXBuildFile; fileRef = F8B5E1012B9F854F00B8D15C /* ClientBridgeTests.swift */; };
		F8B5E10C2B9F854F00B8D15C /* ClientBridgeUITests.swift in Sources */ = {isa = PBXBuildFile; fileRef = F8B5E10B2B9F854F00B8D15C /* ClientBridgeUITests.swift */; };
		F8B5E10E2B9F854F00B8D15C /* ClientBridgeUITestsLaunchTests.swift in Sources */ = {isa = PBXBuildFile; fileRef = F8B5E10D2B9F854F00B8D15C /* ClientBridgeUITestsLaunchTests.swift */; };
/* End PBXBuildFile section */

/* Begin PBXContainerItemProxy section */
		F8B5E0FE2B9F854F00B8D15C /* PBXContainerItemProxy */ = {
			isa = PBXContainerItemProxy;
			containerPortal = F8B5E0E52B9F854C00B8D15C /* Project object */;
			proxyType = 1;
			remoteGlobalIDString = F8B5E0EC2B9F854C00B8D15C;
			remoteInfo = ClientBridge;
		};
		F8B5E1082B9F854F00B8D15C /* PBXContainerItemProxy */ = {
			isa = PBXContainerItemProxy;
			containerPortal = F8B5E0E52B9F854C00B8D15C /* Project object */;
			proxyType = 1;
			remoteGlobalIDString = F8B5E0EC2B9F854C00B8D15C;
			remoteInfo = ClientBridge;
		};
/* End PBXContainerItemProxy section */

/* Begin PBXFileReference section */
		F8B5E0ED2B9F854C00B8D15C /* ClientBridge.app */ = {isa = PBXFileReference; explicitFileType = wrapper.application; includeInIndex = 0; path = ClientBridge.app; sourceTree = BUILT_PRODUCTS_DIR; };
		F8B5E0F02B9F854C00B8D15C /* ClientBridgeApp.swift */ = {isa = PBXFileReference; lastKnownFileType = sourcecode.swift; path = ClientBridgeApp.swift; sourceTree = "<group>"; };
		F8B5E0F22B9F854C00B8D15C /* ContentView.swift */ = {isa = PBXFileReference; lastKnownFileType = sourcecode.swift; path = ContentView.swift; sourceTree = "<group>"; };
		F8B5E0F42B9F854E00B8D15C /* Assets.xcassets */ = {isa = PBXFileReference; lastKnownFileType = folder.assetcatalog; path = Assets.xcassets; sourceTree = "<group>"; };
		F8B5E0F72B9F854E00B8D15C /* Preview Assets.xcassets */ = {isa = PBXFileReference; lastKnownFileType = folder.assetcatalog; path = "Preview Assets.xcassets"; sourceTree = "<group>"; };
		F8B5E0FD2B9F854F00B8D15C /* ClientBridgeTests.xctest */ = {isa = PBXFileReference; explicitFileType = wrapper.cfbundle; includeInIndex = 0; path = ClientBridgeTests.xctest; sourceTree = BUILT_PRODUCTS_DIR; };
		F8B5E1012B9F854F00B8D15C /* ClientBridgeTests.swift */ = {isa = PBXFileReference; lastKnownFileType = sourcecode.swift; path = ClientBridgeTests.swift; sourceTree = "<group>"; };
		F8B5E1072B9F854F00B8D15C /* ClientBridgeUITests.xctest */ = {isa = PBXFileReference; explicitFileType = wrapper.cfbundle; includeInIndex = 0; path = ClientBridgeUITests.xctest; sourceTree = BUILT_PRODUCTS_DIR; };
		F8B5E10B2B9F854F00B8D15C /* ClientBridgeUITests.swift */ = {isa = PBXFileReference; lastKnownFileType = sourcecode.swift; path = ClientBridgeUITests.swift; sourceTree = "<group>"; };
		F8B5E10D2B9F854F00B8D15C /* ClientBridgeUITestsLaunchTests.swift */ = {isa = PBXFileReference; lastKnownFileType = sourcecode.swift; path = ClientBridgeUITestsLaunchTests.swift; sourceTree = "<group>"; };
/* End PBXFileReference section */

/* Begin PBXFrameworksBuildPhase section */
		F8B5E0EA2B9F854C00B8D15C /* Frameworks */ = {
			isa = PBXFrameworksBuildPhase;
			buildActionMask = 2147483647;
			files = (
			);
			runOnlyForDeploymentPostprocessing = 0;
		};
		F8B5E0FA2B9F854F00B8D15C /* Frameworks */ = {
			isa = PBXFrameworksBuildPhase;
			buildActionMask = 2147483647;
			files = (
			);
			runOnlyForDeploymentPostprocessing = 0;
		};
		F8B5E1042B9F854F00B8D15C /* Frameworks */ = {
			isa = PBXFrameworksBuildPhase;
			buildActionMask = 2147483647;
			files = (
			);
			runOnlyForDeploymentPostprocessing = 0;
		};
/* End PBXFrameworksBuildPhase section */

/* Begin PBXGroup section */
		F8B5E0E42B9F854C00B8D15C = {
			isa = PBXGroup;
			children = (
				F8B5E0EF2B9F854C00B8D15C /* ClientBridge */,
				F8B5E1002B9F854F00B8D15C /* ClientBridgeTests */,
				F8B5E10A2B9F854F00B8D15C /* ClientBridgeUITests */,
				F8B5E0EE2B9F854C00B8D15C /* Products */,
			);
			sourceTree = "<group>";
		};
		F8B5E0EE2B9F854C00B8D15C /* Products */ = {
			isa = PBXGroup;
			children = (
				F8B5E0ED2B9F854C00B8D15C /* ClientBridge.app */,
				F8B5E0FD2B9F854F00B8D15C /* ClientBridgeTests.xctest */,
				F8B5E1072B9F854F00B8D15C /* ClientBridgeUITests.xctest */,
			);
			name = Products;
			sourceTree = "<group>";
		};
		F8B5E0EF2B9F854C00B8D15C /* ClientBridge */ = {
			isa = PBXGroup;
			children = (
				F8B5E0F02B9F854C00B8D15C /* ClientBridgeApp.swift */,
				F8B5E0F22B9F854C00B8D15C /* ContentView.swift */,
				F8B5E0F42B9F854E00B8D15C /* Assets.xcassets */,
				F8B5E0F62B9F854E00B8D15C /* Preview Content */,
			);
			path = ClientBridge;
			sourceTree = "<group>";
		};
		F8B5E0F62B9F854E00B8D15C /* Preview Content */ = {
			isa = PBXGroup;
			children = (
				F8B5E0F72B9F854E00B8D15C /* Preview Assets.xcassets */,
			);
			path = "Preview Content";
			sourceTree = "<group>";
		};
		F8B5E1002B9F854F00B8D15C /* ClientBridgeTests */ = {
			isa = PBXGroup;
			children = (
				F8B5E1012B9F854F00B8D15C /* ClientBridgeTests.swift */,
			);
			path = ClientBridgeTests;
			sourceTree = "<group>";
		};
		F8B5E10A2B9F854F00B8D15C /* ClientBridgeUITests */ = {
			isa = PBXGroup;
			children = (
				F8B5E10B2B9F854F00B8D15C /* ClientBridgeUITests.swift */,
				F8B5E10D2B9F854F00B8D15C /* ClientBridgeUITestsLaunchTests.swift */,
			);
			path = ClientBridgeUITests;
			sourceTree = "<group>";
		};
/* End PBXGroup section */

/* Begin PBXNativeTarget section */
		F8B5E0EC2B9F854C00B8D15C /* ClientBridge */ = {
			isa = PBXNativeTarget;
			buildConfigurationList = F8B5E1112B9F854F00B8D15C /* Build configuration list for PBXNativeTarget "ClientBridge" */;
			buildPhases = (
				F8B5E0E92B9F854C00B8D15C /* Sources */,
				F8B5E0EA2B9F854C00B8D15C /* Frameworks */,
				F8B5E0EB2B9F854C00B8D15C /* Resources */,
			);
			buildRules = (
			);
			dependencies = (
			);
			name = ClientBridge;
			productName = ClientBridge;
			productReference = F8B5E0ED2B9F854C00B8D15C /* ClientBridge.app */;
			productType = "com.apple.product-type.application";
		};
		F8B5E0FC2B9F854F00B8D15C /* ClientBridgeTests */ = {
			isa = PBXNativeTarget;
			buildConfigurationList = F8B5E1142B9F854F00B8D15C /* Build configuration list for PBXNativeTarget "ClientBridgeTests" */;
			buildPhases = (
				F8B5E0F92B9F854F00B8D15C /* Sources */,
				F8B5E0FA2B9F854F00B8D15C /* Frameworks */,
				F8B5E0FB2B9F854F00B8D15C /* Resources */,
			);
			buildRules = (
			);
			dependencies = (
				F8B5E0FF2B9F854F00B8D15C /* PBXTargetDependency */,
			);
			name = ClientBridgeTests;
			productName = ClientBridgeTests;
			productReference = F8B5E0FD2B9F854F00B8D15C /* ClientBridgeTests.xctest */;
			productType = "com.apple.product-type.bundle.unit-test";
		};
		F8B5E1062B9F854F00B8D15C /* ClientBridgeUITests */ = {
			isa = PBXNativeTarget;
			buildConfigurationList = F8B5E1172B9F854F00B8D15C /* Build configuration list for PBXNativeTarget "ClientBridgeUITests" */;
			buildPhases = (
				F8B5E1032B9F854F00B8D15C /* Sources */,
				F8B5E1042B9F854F00B8D15C /* Frameworks */,
				F8B5E1052B9F854F00B8D15C /* Resources */,
			);
			buildRules = (
			);
			dependencies = (
				F8B5E1092B9F854F00B8D15C /* PBXTargetDependency */,
			);
			name = ClientBridgeUITests;
			productName = ClientBridgeUITests;
			productReference = F8B5E1072B9F854F00B8D15C /* ClientBridgeUITests.xctest */;
			productType = "com.apple.product-type.bundle.ui-testing";
		};
/* End PBXNativeTarget section */

/* Begin PBXProject section */
		F8B5E0E52B9F854C00B8D15C /* Project object */ = {
			isa = PBXProject;
			attributes = {
				BuildIndependentTargetsInParallel = 1;
				LastSwiftUpdateCheck = 1430;
				LastUpgradeCheck = 1430;
				TargetAttributes = {
					F8B5E0EC2B9F854C00B8D15C = {
						CreatedOnToolsVersion = 14.3.1;
					};
					F8B5E0FC2B9F854F00B8D15C = {
						CreatedOnToolsVersion = 14.3.1;
						TestTargetID = F8B5E0EC2B9F854C00B8D15C;
					};
					F8B5E1062B9F854F00B8D15C = {
						CreatedOnToolsVersion = 14.3.1;
						TestTargetID = F8B5E0EC2B9F854C00B8D15C;
					};
				};
			};
			buildConfigurationList = F8B5E0E82B9F854C00B8D15C /* Build configuration list for PBXProject "ClientBridge" */;
			compatibilityVersion = "Xcode 14.0";
			developmentRegion = en;
			hasScannedForEncodings = 0;
			knownRegions = (
				en,
				Base,
			);
			mainGroup = F8B5E0E42B9F854C00B8D15C;
			productRefGroup = F8B5E0EE2B9F854C00B8D15C /* Products */;
			projectDirPath = "";
			projectRoot = "";
			targets = (
				F8B5E0EC2B9F854C00B8D15C /* ClientBridge */,
				F8B5E0FC2B9F854F00B8D15C /* ClientBridgeTests */,
				F8B5E1062B9F854F00B8D15C /* ClientBridgeUITests */,
			);
		};
/* End PBXProject section */

/* Begin PBXResourcesBuildPhase section */
		F8B5E0EB2B9F854C00B8D15C /* Resources */ = {
			isa = PBXResourcesBuildPhase;
			buildActionMask = 2147483647;
			files = (
				F8B5E0F82B9F854E00B8D15C /* Preview Assets.xcassets in Resources */,
				F8B5E0F52B9F854E00B8D15C /* Assets.xcassets in Resources */,
			);
			runOnlyForDeploymentPostprocessing = 0;
		};
		F8B5E0FB2B9F854F00B8D15C /* Resources */ = {
			isa = PBXResourcesBuildPhase;
			buildActionMask = 2147483647;
			files = (
			);
			runOnlyForDeploymentPostprocessing = 0;
		};
		F8B5E1052B9F854F00B8D15C /* Resources */ = {
			isa = PBXResourcesBuildPhase;
			buildActionMask = 2147483647;
			files = (
			);
			runOnlyForDeploymentPostprocessing = 0;
		};
/* End PBXResourcesBuildPhase section */

/* Begin PBXSourcesBuildPhase section */
		F8B5E0E92B9F854C00B8D15C /* Sources */ = {
			isa = PBXSourcesBuildPhase;
			buildActionMask = 2147483647;
			files = (
				F8B5E0F32B9F854C00B8D15C /* ContentView.swift in Sources */,
				F8B5E0F12B9F854C00B8D15C /* ClientBridgeApp.swift in Sources */,
			);
			runOnlyForDeploymentPostprocessing = 0;
		};
		F8B5E0F92B9F854F00B8D15C /* Sources */ = {
			isa = PBXSourcesBuildPhase;
			buildActionMask = 2147483647;
			files = (
				F8B5E1022B9F854F00B8D15C /* ClientBridgeTests.swift in Sources */,
			);
			runOnlyForDeploymentPostprocessing = 0;
		};
		F8B5E1032B9F854F00B8D15C /* Sources */ = {
			isa = PBXSourcesBuildPhase;
			buildActionMask = 2147483647;
			files = (
				F8B5E10E2B9F854F00B8D15C /* ClientBridgeUITestsLaunchTests.swift in Sources */,
				F8B5E10C2B9F854F00B8D15C /* ClientBridgeUITests.swift in Sources */,
			);
			runOnlyForDeploymentPostprocessing = 0;
		};
/* End PBXSourcesBuildPhase section */

/* Begin PBXTargetDependency section */
		F8B5E0FF2B9F854F00B8D15C /* PBXTargetDependency */ = {
			isa = PBXTargetDependency;
			target = F8B5E0EC2B9F854C00B8D15C /* ClientBridge */;
			targetProxy = F8B5E0FE2B9F854F00B8D15C /* PBXContainerItemProxy */;
		};
		F8B5E1092B9F854F00B8D15C /* PBXTargetDependency */ = {
			isa = PBXTargetDependency;
			target = F8B5E0EC2B9F854C00B8D15C /* ClientBridge */;
			targetProxy = F8B5E1082B9F854F00B8D15C /* PBXContainerItemProxy */;
		};
/* End PBXTargetDependency section */

/* Begin XCBuildConfiguration section */
		F8B5E10F2B9F854F00B8D15C /* Debug */ = {
			isa = XCBuildConfiguration;
			buildSettings = {
				ALWAYS_SEARCH_USER_PATHS = NO;
				CLANG_ANALYZER_NONNULL = YES;
				CLANG_ANALYZER_NUMBER_OBJECT_CONVERSION = YES_AGGRESSIVE;
				CLANG_CXX_LANGUAGE_STANDARD = "gnu++20";
				CLANG_ENABLE_MODULES = YES;
				CLANG_ENABLE_OBJC_ARC = YES;
				CLANG_ENABLE_OBJC_WEAK = YES;
				CLANG_WARN_BLOCK_CAPTURE_AUTORELEASING = YES;
				CLANG_WARN_BOOL_CONVERSION = YES;
				CLANG_WARN_COMMA = YES;
				CLANG_WARN_CONSTANT_CONVERSION = YES;
				CLANG_WARN_DEPRECATED_OBJC_IMPLEMENTATIONS = YES;
				CLANG_WARN_DIRECT_OBJC_ISA_USAGE = YES_ERROR;
				CLANG_WARN_DOCUMENTATION_COMMENTS = YES;
				CLANG_WARN_EMPTY_BODY = YES;
				CLANG_WARN_ENUM_CONVERSION = YES;
				CLANG_WARN_INFINITE_RECURSION = YES;
				CLANG_WARN_INT_CONVERSION = YES;
				CLANG_WARN_NON_LITERAL_NULL_CONVERSION = YES;
				CLANG_WARN_OBJC_IMPLICIT_RETAIN_SELF = YES;
				CLANG_WARN_OBJC_LITERAL_CONVERSION = YES;
				CLANG_WARN_OBJC_ROOT_CLASS = YES_ERROR;
				CLANG_WARN_QUOTED_INCLUDE_IN_FRAMEWORK_HEADER = YES;
				CLANG_WARN_RANGE_LOOP_ANALYSIS = YES;
				CLANG_WARN_STRICT_PROTOTYPES = YES;
				CLANG_WARN_SUSPICIOUS_MOVE = YES;
				CLANG_WARN_UNGUARDED_AVAILABILITY = YES_AGGRESSIVE;
				CLANG_WARN_UNREACHABLE_CODE = YES;
				CLANG_WARN__DUPLICATE_METHOD_MATCH = YES;
				COPY_PHASE_STRIP = NO;
				DEBUG_INFORMATION_FORMAT = dwarf;
				ENABLE_STRICT_OBJC_MSGSEND = YES;
				ENABLE_TESTABILITY = YES;
				GCC_C_LANGUAGE_STANDARD = gnu11;
				GCC_DYNAMIC_NO_PIC = NO;
				GCC_NO_COMMON_BLOCKS = YES;
				GCC_OPTIMIZATION_LEVEL = 0;
				GCC_PREPROCESSOR_DEFINITIONS = (
					"DEBUG=1",
					"$(inherited)",
				);
				GCC_WARN_64_TO_32_BIT_CONVERSION = YES;
				GCC_WARN_ABOUT_RETURN_TYPE = YES_ERROR;
				GCC_WARN_UNDECLARED_SELECTOR = YES;
				GCC_WARN_UNINITIALIZED_AUTOS = YES_AGGRESSIVE;
				GCC_WARN_UNUSED_FUNCTION = YES;
				GCC_WARN_UNUSED_VARIABLE = YES;
				IPHONEOS_DEPLOYMENT_TARGET = 16.4;
				MTL_ENABLE_DEBUG_INFO = INCLUDE_SOURCE;
				MTL_FAST_MATH = YES;
				ONLY_ACTIVE_ARCH = YES;
				SDKROOT = iphoneos;
				SWIFT_ACTIVE_COMPILATION_CONDITIONS = DEBUG;
				SWIFT_OPTIMIZATION_LEVEL = "-Onone";
			};
			name = Debug;
		};
		F8B5E1102B9F854F00B8D15C /* Release */ = {
			isa = XCBuildConfiguration;
			buildSettings = {
				ALWAYS_SEARCH_USER_PATHS = NO;
				CLANG_ANALYZER_NONNULL = YES;
				CLANG_ANALYZER_NUMBER_OBJECT_CONVERSION = YES_AGGRESSIVE;
				CLANG_CXX_LANGUAGE_STANDARD = "gnu++20";
				CLANG_ENABLE_MODULES = YES;
				CLANG_ENABLE_OBJC_ARC = YES;
				CLANG_ENABLE_OBJC_WEAK = YES;
				CLANG_WARN_BLOCK_CAPTURE_AUTORELEASING = YES;
				CLANG_WARN_BOOL_CONVERSION = YES;
				CLANG_WARN_COMMA = YES;
				CLANG_WARN_CONSTANT_CONVERSION = YES;
				CLANG_WARN_DEPRECATED_OBJC_IMPLEMENTATIONS = YES;
				CLANG_WARN_DIRECT_OBJC_ISA_USAGE = YES_ERROR;
				CLANG_WARN_DOCUMENTATION_COMMENTS = YES;
				CLANG_WARN_EMPTY_BODY = YES;
				CLANG_WARN_ENUM_CONVERSION = YES;
				CLANG_WARN_INFINITE_RECURSION = YES;
				CLANG_WARN_INT_CONVERSION = YES;
				CLANG_WARN_NON_LITERAL_NULL_CONVERSION = YES;
				CLANG_WARN_OBJC_IMPLICIT_RETAIN_SELF = YES;
				CLANG_WARN_OBJC_LITERAL_CONVERSION = YES;
				CLANG_WARN_OBJC_ROOT_CLASS = YES_ERROR;
				CLANG_WARN_QUOTED_INCLUDE_IN_FRAMEWORK_HEADER = YES;
				CLANG_WARN_RANGE_LOOP_ANALYSIS = YES;
				CLANG_WARN_STRICT_PROTOTYPES = YES;
				CLANG_WARN_SUSPICIOUS_MOVE = YES;
				CLANG_WARN_UNGUARDED_AVAILABILITY = YES_AGGRESSIVE;
				CLANG_WARN_UNREACHABLE_CODE = YES;
				CLANG_WARN__DUPLICATE_METHOD_MATCH = YES;
				COPY_PHASE_STRIP = NO;
				DEBUG_INFORMATION_FORMAT = "dwarf-with-dsym";
				ENABLE_NS_ASSERTIONS = NO;
				ENABLE_STRICT_OBJC_MSGSEND = YES;
				GCC_C_LANGUAGE_STANDARD = gnu11;
				GCC_NO_COMMON_BLOCKS = YES;
				GCC_WARN_64_TO_32_BIT_CONVERSION = YES;
				GCC_WARN_ABOUT_RETURN_TYPE = YES_ERROR;
				GCC_WARN_UNDECLARED_SELECTOR = YES;
				GCC_WARN_UNINITIALIZED_AUTOS = YES_AGGRESSIVE;
				GCC_WARN_UNUSED_FUNCTION = YES;
				GCC_WARN_UNUSED_VARIABLE = YES;
				IPHONEOS_DEPLOYMENT_TARGET = 16.4;
				MTL_ENABLE_DEBUG_INFO = NO;
				MTL_FAST_MATH = YES;
				SDKROOT = iphoneos;
				SWIFT_COMPILATION_MODE = wholemodule;
				SWIFT_OPTIMIZATION_LEVEL = "-O";
				VALIDATE_PRODUCT = YES;
			};
			name = Release;
		};
		F8B5E1122B9F854F00B8D15C /* Debug */ = {
			isa = XCBuildConfiguration;
			buildSettings = {
				ASSETCATALOG_COMPILER_APPICON_NAME = AppIcon;
				ASSETCATALOG_COMPILER_GLOBAL_ACCENT_COLOR_NAME = AccentColor;
				CODE_SIGN_STYLE = Automatic;
				CURRENT_PROJECT_VERSION = 1;
				DEVELOPMENT_ASSET_PATHS = "\"ClientBridge/Preview Content\"";
				ENABLE_PREVIEWS = YES;
				GENERATE_INFOPLIST_FILE = YES;
				INFOPLIST_KEY_UIApplicationSceneManifest_Generation = YES;
				INFOPLIST_KEY_UIApplicationSupportsIndirectInputEvents = YES;
				INFOPLIST_KEY_UILaunchScreen_Generation = YES;
				INFOPLIST_KEY_UISupportedInterfaceOrientations_iPad = "UIInterfaceOrientationPortrait UIInterfaceOrientationPortraitUpsideDown UIInterfaceOrientationLandscapeLeft UIInterfaceOrientationLandscapeRight";
				INFOPLIST_KEY_UISupportedInterfaceOrientations_iPhone = "UIInterfaceOrientationPortrait UIInterfaceOrientationLandscapeLeft UIInterfaceOrientationLandscapeRight";
				LD_RUNPATH_SEARCH_PATHS = (
					"$(inherited)",
					"@executable_path/Frameworks",
				);
				MARKETING_VERSION = 1.0;
				PRODUCT_BUNDLE_IDENTIFIER = app.ClientBridge;
				PRODUCT_NAME = "$(TARGET_NAME)";
				SWIFT_EMIT_LOC_STRINGS = YES;
				SWIFT_VERSION = 5.0;
				TARGETED_DEVICE_FAMILY = "1,2";
			};
			name = Debug;
		};
		F8B5E1132B9F854F00B8D15C /* Release */ = {
			isa = XCBuildConfiguration;
			buildSettings = {
				ASSETCATALOG_COMPILER_APPICON_NAME = AppIcon;
				ASSETCATALOG_COMPILER_GLOBAL_ACCENT_COLOR_NAME = AccentColor;
				CODE_SIGN_STYLE = Automatic;
				CURRENT_PROJECT_VERSION = 1;
				DEVELOPMENT_ASSET_PATHS = "\"ClientBridge/Preview Content\"";
				ENABLE_PREVIEWS = YES;
				GENERATE_INFOPLIST_FILE = YES;
				INFOPLIST_KEY_UIApplicationSceneManifest_Generation = YES;
				INFOPLIST_KEY_UIApplicationSupportsIndirectInputEvents = YES;
				INFOPLIST_KEY_UILaunchScreen_Generation = YES;
				INFOPLIST_KEY_UISupportedInterfaceOrientations_iPad = "UIInterfaceOrientationPortrait UIInterfaceOrientationPortraitUpsideDown UIInterfaceOrientationLandscapeLeft UIInterfaceOrientationLandscapeRight";
				INFOPLIST_KEY_UISupportedInterfaceOrientations_iPhone = "UIInterfaceOrientationPortrait UIInterfaceOrientationLandscapeLeft UIInterfaceOrientationLandscapeRight";
				LD_RUNPATH_SEARCH_PATHS = (
					"$(inherited)",
					"@executable_path/Frameworks",
				);
				MARKETING_VERSION = 1.0;
				PRODUCT_BUNDLE_IDENTIFIER = app.ClientBridge;
				PRODUCT_NAME = "$(TARGET_NAME)";
				SWIFT_EMIT_LOC_STRINGS = YES;
				SWIFT_VERSION = 5.0;
				TARGETED_DEVICE_FAMILY = "1,2";
			};
			name = Release;
		};
		F8B5E1152B9F854F00B8D15C /* Debug */ = {
			isa = XCBuildConfiguration;
			buildSettings = {
				ALWAYS_EMBED_SWIFT_STANDARD_LIBRARIES = YES;
				BUNDLE_LOADER = "$(TEST_HOST)";
				CODE_SIGN_STYLE = Automatic;
				CURRENT_PROJECT_VERSION = 1;
				GENERATE_INFOPLIST_FILE = YES;
				IPHONEOS_DEPLOYMENT_TARGET = 16.4;
				MARKETING_VERSION = 1.0;
				PRODUCT_BUNDLE_IDENTIFIER = app.ClientBridgeTests;
				PRODUCT_NAME = "$(TARGET_NAME)";
				SWIFT_EMIT_LOC_STRINGS = NO;
				SWIFT_VERSION = 5.0;
				TARGETED_DEVICE_FAMILY = "1,2";
				TEST_HOST = "$(BUILT_PRODUCTS_DIR)/ClientBridge.app/$(BUNDLE_EXECUTABLE_FOLDER_PATH)/ClientBridge";
			};
			name = Debug;
		};
		F8B5E1162B9F854F00B8D15C /* Release */ = {
			isa = XCBuildConfiguration;
			buildSettings = {
				ALWAYS_EMBED_SWIFT_STANDARD_LIBRARIES = YES;
				BUNDLE_LOADER = "$(TEST_HOST)";
				CODE_SIGN_STYLE = Automatic;
				CURRENT_PROJECT_VERSION = 1;
				GENERATE_INFOPLIST_FILE = YES;
				IPHONEOS_DEPLOYMENT_TARGET = 16.4;
				MARKETING_VERSION = 1.0;
				PRODUCT_BUNDLE_IDENTIFIER = app.ClientBridgeTests;
				PRODUCT_NAME = "$(TARGET_NAME)";
				SWIFT_EMIT_LOC_STRINGS = NO;
				SWIFT_VERSION = 5.0;
				TARGETED_DEVICE_FAMILY = "1,2";
				TEST_HOST = "$(BUILT_PRODUCTS_DIR)/ClientBridge.app/$(BUNDLE_EXECUTABLE_FOLDER_PATH)/ClientBridge";
			};
			name = Release;
		};
		F8B5E1182B9F854F00B8D15C /* Debug */ = {
			isa = XCBuildConfiguration;
			buildSettings = {
				ALWAYS_EMBED_SWIFT_STANDARD_LIBRARIES = YES;
				CODE_SIGN_STYLE = Automatic;
				CURRENT_PROJECT_VERSION = 1;
				GENERATE_INFOPLIST_FILE = YES;
				MARKETING_VERSION = 1.0;
				PRODUCT_BUNDLE_IDENTIFIER = app.ClientBridgeUITests;
				PRODUCT_NAME = "$(TARGET_NAME)";
				SWIFT_EMIT_LOC_STRINGS = NO;
				SWIFT_VERSION = 5.0;
				TARGETED_DEVICE_FAMILY = "1,2";
				TEST_TARGET_NAME = ClientBridge;
			};
			name = Debug;
		};
		F8B5E1192B9F854F00B8D15C /* Release */ = {
			isa = XCBuildConfiguration;
			buildSettings = {
				ALWAYS_EMBED_SWIFT_STANDARD_LIBRARIES = YES;
				CODE_SIGN_STYLE = Automatic;
				CURRENT_PROJECT_VERSION = 1;
				GENERATE_INFOPLIST_FILE = YES;
				MARKETING_VERSION = 1.0;
				PRODUCT_BUNDLE_IDENTIFIER = app.ClientBridgeUITests;
				PRODUCT_NAME = "$(TARGET_NAME)";
				SWIFT_EMIT_LOC_STRINGS = NO;
				SWIFT_VERSION = 5.0;
				TARGETED_DEVICE_FAMILY = "1,2";
				TEST_TARGET_NAME = ClientBridge;
			};
			name = Release;
		};
/* End XCBuildConfiguration section */

/* Begin XCConfigurationList section */
		F8B5E0E82B9F854C00B8D15C /* Build configuration list for PBXProject "ClientBridge" */ = {
			isa = XCConfigurationList;
			buildConfigurations = (
				F8B5E10F2B9F854F00B8D15C /* Debug */,
				F8B5E1102B9F854F00B8D15C /* Release */,
			);
			defaultConfigurationIsVisible = 0;
			defaultConfigurationName = Release;
		};
		F8B5E1112B9F854F00B8D15C /* Build configuration list for PBXNativeTarget "ClientBridge" */ = {
			isa = XCConfigurationList;
			buildConfigurations = (
				F8B5E1122B9F854F00B8D15C /* Debug */,
				F8B5E1132B9F854F00B8D15C /* Release */,
			);
			defaultConfigurationIsVisible = 0;
			defaultConfigurationName = Release;
		};
		F8B5E1142B9F854F00B8D15C /* Build configuration list for PBXNativeTarget "ClientBridgeTests" */ = {
			isa = XCConfigurationList;
			buildConfigurations = (
				F8B5E1152B9F854F00B8D15C /* Debug */,
				F8B5E1162B9F854F00B8D15C /* Release */,
			);
			defaultConfigurationIsVisible = 0;
			defaultConfigurationName = Release;
		};
		F8B5E1172B9F854F00B8D15C /* Build configuration list for PBXNativeTarget "ClientBridgeUITests" */ = {
			isa = XCConfigurationList;
			buildConfigurations = (
				F8B5E1182B9F854F00B8D15C /* Debug */,
				F8B5E1192B9F854F00B8D15C /* Release */,
			);
			defaultConfigurationIsVisible = 0;
			defaultConfigurationName = Release;
		};
/* End XCConfigurationList section */
	};
	rootObject = F8B5E0E52B9F854C00B8D15C /* Project object */;
}
